
Microsoft Visual Studio Solution File, Format Version 12.00
# Visual Studio Version 16
VisualStudioVersion = 16.0.30611.23
MinimumVisualStudioVersion = 15.0.26124.0
Project("{9A19103F-16F7-4668-BE54-9A1E7A4F7556}") = "Dep.Common", "Dep.Common\Dep.Common.csproj", "{74CF1983-AD65-41A7-AF87-4855EEBD2438}"
EndProject
Project("{9A19103F-16F7-4668-BE54-9A1E7A4F7556}") = "Dep.Configuration.RabbitMQ", "Dep.Configuration.RabbitMQ\Dep.Configuration.RabbitMQ.csproj", "{C74AE955-2F8D-4BA9-9295-0AD94FFC84CE}"
EndProject
Project("{9A19103F-16F7-4668-BE54-9A1E7A4F7556}") = "Dep.DependencyInjection", "Dep.DependencyInjection\Dep.DependencyInjection.csproj", "{691CDCDF-5F5E-4654-A97B-8E6E39FD77CC}"
EndProject
Project("{9A19103F-16F7-4668-BE54-9A1E7A4F7556}") = "Dep.DependencyInjection.Unity", "Dep.DependencyInjection.Unity\Dep.DependencyInjection.Unity.csproj", "{86C01785-641B-4199-8850-451DCAD69207}"
EndProject
Global
	GlobalSection(SolutionConfigurationPlatforms) = preSolution
		Debug|Any CPU = Debug|Any CPU
		Release|Any CPU = Release|Any CPU
	EndGlobalSection
	GlobalSection(ProjectConfigurationPlatforms) = postSolution
		{74CF1983-AD65-41A7-AF87-4855EEBD2438}.Debug|Any CPU.ActiveCfg = Debug|Any CPU
		{74CF1983-AD65-41A7-AF87-4855EEBD2438}.Debug|Any CPU.Build.0 = Debug|Any CPU
		{74CF1983-AD65-41A7-AF87-4855EEBD2438}.Release|Any CPU.ActiveCfg = Release|Any CPU
		{74CF1983-AD65-41A7-AF87-4855EEBD2438}.Release|Any CPU.Build.0 = Release|Any CPU
		{C74AE955-2F8D-4BA9-9295-0AD94FFC84CE}.Debug|Any CPU.ActiveCfg = Debug|Any CPU
		{C74AE955-2F8D-4BA9-9295-0AD94FFC84CE}.Debug|Any CPU.Build.0 = Debug|Any CPU
		{C74AE955-2F8D-4BA9-9295-0AD94FFC84CE}.Release|Any CPU.ActiveCfg = Release|Any CPU
		{C74AE955-2F8D-4BA9-9295-0AD94FFC84CE}.Release|Any CPU.Build.0 = Release|Any CPU
		{691CDCDF-5F5E-4654-A97B-8E6E39FD77CC}.Debug|Any CPU.ActiveCfg = Debug|Any CPU
		{691CDCDF-5F5E-4654-A97B-8E6E39FD77CC}.Debug|Any CPU.Build.0 = Debug|Any CPU
		{691CDCDF-5F5E-4654-A97B-8E6E39FD77CC}.Release|Any CPU.ActiveCfg = Release|Any CPU
		{691CDCDF-5F5E-4654-A97B-8E6E39FD77CC}.Release|Any CPU.Build.0 = Release|Any CPU
		{86C01785-641B-4199-8850-451DCAD69207}.Debug|Any CPU.ActiveCfg = Debug|Any CPU
		{86C01785-641B-4199-8850-451DCAD69207}.Debug|Any CPU.Build.0 = Debug|Any CPU
		{86C01785-641B-4199-8850-451DCAD69207}.Release|Any CPU.ActiveCfg = Release|Any CPU
		{86C01785-641B-4199-8850-451DCAD69207}.Release|Any CPU.Build.0 = Release|Any CPU
	EndGlobalSection
	GlobalSection(SolutionProperties) = preSolution
		HideSolutionNode = FALSE
	EndGlobalSection
	GlobalSection(ExtensibilityGlobals) = postSolution
		SolutionGuid = {7C49528E-82D5-48C3-B32A-D2BE3E52577B}
	EndGlobalSection
EndGlobal
