
Microsoft Visual Studio Solution File, Format Version 12.00
# Visual Studio Version 16
VisualStudioVersion = 16.0.30611.23
MinimumVisualStudioVersion = 15.0.26124.0
Project("{2150E333-8FDC-42A3-9474-1A3956D46DE8}") = "Common Infrastructures", "Common Infrastructures", "{5EC6CE55-08E3-42DF-9A16-C8635886AED0}"
EndProject
Project("{9A19103F-16F7-4668-BE54-9A1E7A4F7556}") = "Dep.Common", "Dep.Common\Dep.Common.csproj", "{74CF1983-AD65-41A7-AF87-4855EEBD2438}"
EndProject
Project("{9A19103F-16F7-4668-BE54-9A1E7A4F7556}") = "Dep.Configuration.RabbitMQ", "Dep.Configuration.RabbitMQ\Dep.Configuration.RabbitMQ.csproj", "{C74AE955-2F8D-4BA9-9295-0AD94FFC84CE}"
EndProject
Project("{9A19103F-16F7-4668-BE54-9A1E7A4F7556}") = "Dep.DependencyInjection", "Dep.DependencyInjection\Dep.DependencyInjection.csproj", "{691CDCDF-5F5E-4654-A97B-8E6E39FD77CC}"
EndProject
Project("{9A19103F-16F7-4668-BE54-9A1E7A4F7556}") = "Dep.DependencyInjection.Unity", "Dep.DependencyInjection.Unity\Dep.DependencyInjection.Unity.csproj", "{86C01785-641B-4199-8850-451DCAD69207}"
EndProject
Project("{9A19103F-16F7-4668-BE54-9A1E7A4F7556}") = "Dep.Runtime.Logging.Abstractions", "Dep.Runtime.Logging.Abstractions\Dep.Runtime.Logging.Abstractions.csproj", "{B569FD80-44BF-4F34-AE40-F4BBFF36D5B1}"
EndProject
Project("{9A19103F-16F7-4668-BE54-9A1E7A4F7556}") = "Dep.Runtime.Logging.Providers.NLog", "Dep.Runtime.Logging.Providers.NLog\Dep.Runtime.Logging.Providers.NLog.csproj", "{B201B747-11D2-455C-B52B-52F51A89A69B}"
EndProject
Project("{9A19103F-16F7-4668-BE54-9A1E7A4F7556}") = "Dep.Runtime.Logging.DI", "Dep.Runtime.Logging.DI\Dep.Runtime.Logging.DI.csproj", "{847F4302-F69E-42AE-9D59-FCB2712B3D7F}"
EndProject
Project("{9A19103F-16F7-4668-BE54-9A1E7A4F7556}") = "Dep.Runtime.Logging.DI.Unity", "Dep.Runtime.Logging.DI.Unity\Dep.Runtime.Logging.DI.Unity.csproj", "{E9D92588-C79B-4195-BCDF-3351F140AE71}"
EndProject
Project("{9A19103F-16F7-4668-BE54-9A1E7A4F7556}") = "Dep.Runtime.Serialization.Defaults", "Dep.Runtime.Serialization.Defaults\Dep.Runtime.Serialization.Defaults.csproj", "{B6093BDD-BCAD-4AF7-9686-650F3DC2D0F3}"
EndProject
Project("{9A19103F-16F7-4668-BE54-9A1E7A4F7556}") = "Dep.Runtime.Serialization.NewtonsoftJson", "Dep.Runtime.Serialization.NewtonsoftJson\Dep.Runtime.Serialization.NewtonsoftJson.csproj", "{007BD66A-181D-4BEF-997E-A733B78A797D}"
EndProject
Project("{9A19103F-16F7-4668-BE54-9A1E7A4F7556}") = "Dep.Runtime.Serialization.DI", "Dep.Runtime.Serialization.DI\Dep.Runtime.Serialization.DI.csproj", "{CA651F84-A9F7-4437-A2E3-24D351C97949}"
EndProject
Project("{9A19103F-16F7-4668-BE54-9A1E7A4F7556}") = "Dep.Runtime.Serialization.DI.Unity", "Dep.Runtime.Serialization.DI.Unity\Dep.Runtime.Serialization.DI.Unity.csproj", "{365F2872-0A4D-4D14-898C-13E01C29A3A9}"
EndProject
Project("{2150E333-8FDC-42A3-9474-1A3956D46DE8}") = "Server", "Server", "{D082B103-1F27-4A12-93D0-3BABC3AFDC38}"
EndProject
Project("{9A19103F-16F7-4668-BE54-9A1E7A4F7556}") = "Dep.Messaging.Abstractions", "Dep.Messaging.Abstractions\Dep.Messaging.Abstractions.csproj", "{581E021E-1C95-4139-B860-C97CBC94AA07}"
EndProject
Global
	GlobalSection(SolutionConfigurationPlatforms) = preSolution
		Debug|Any CPU = Debug|Any CPU
		Debug|x64 = Debug|x64
		Debug|x86 = Debug|x86
		Release|Any CPU = Release|Any CPU
		Release|x64 = Release|x64
		Release|x86 = Release|x86
	EndGlobalSection
	GlobalSection(ProjectConfigurationPlatforms) = postSolution
		{74CF1983-AD65-41A7-AF87-4855EEBD2438}.Debug|Any CPU.ActiveCfg = Debug|Any CPU
		{74CF1983-AD65-41A7-AF87-4855EEBD2438}.Debug|Any CPU.Build.0 = Debug|Any CPU
		{74CF1983-AD65-41A7-AF87-4855EEBD2438}.Debug|x64.ActiveCfg = Debug|Any CPU
		{74CF1983-AD65-41A7-AF87-4855EEBD2438}.Debug|x64.Build.0 = Debug|Any CPU
		{74CF1983-AD65-41A7-AF87-4855EEBD2438}.Debug|x86.ActiveCfg = Debug|Any CPU
		{74CF1983-AD65-41A7-AF87-4855EEBD2438}.Debug|x86.Build.0 = Debug|Any CPU
		{74CF1983-AD65-41A7-AF87-4855EEBD2438}.Release|Any CPU.ActiveCfg = Release|Any CPU
		{74CF1983-AD65-41A7-AF87-4855EEBD2438}.Release|Any CPU.Build.0 = Release|Any CPU
		{74CF1983-AD65-41A7-AF87-4855EEBD2438}.Release|x64.ActiveCfg = Release|Any CPU
		{74CF1983-AD65-41A7-AF87-4855EEBD2438}.Release|x64.Build.0 = Release|Any CPU
		{74CF1983-AD65-41A7-AF87-4855EEBD2438}.Release|x86.ActiveCfg = Release|Any CPU
		{74CF1983-AD65-41A7-AF87-4855EEBD2438}.Release|x86.Build.0 = Release|Any CPU
		{C74AE955-2F8D-4BA9-9295-0AD94FFC84CE}.Debug|Any CPU.ActiveCfg = Debug|Any CPU
		{C74AE955-2F8D-4BA9-9295-0AD94FFC84CE}.Debug|Any CPU.Build.0 = Debug|Any CPU
		{C74AE955-2F8D-4BA9-9295-0AD94FFC84CE}.Debug|x64.ActiveCfg = Debug|Any CPU
		{C74AE955-2F8D-4BA9-9295-0AD94FFC84CE}.Debug|x64.Build.0 = Debug|Any CPU
		{C74AE955-2F8D-4BA9-9295-0AD94FFC84CE}.Debug|x86.ActiveCfg = Debug|Any CPU
		{C74AE955-2F8D-4BA9-9295-0AD94FFC84CE}.Debug|x86.Build.0 = Debug|Any CPU
		{C74AE955-2F8D-4BA9-9295-0AD94FFC84CE}.Release|Any CPU.ActiveCfg = Release|Any CPU
		{C74AE955-2F8D-4BA9-9295-0AD94FFC84CE}.Release|Any CPU.Build.0 = Release|Any CPU
		{C74AE955-2F8D-4BA9-9295-0AD94FFC84CE}.Release|x64.ActiveCfg = Release|Any CPU
		{C74AE955-2F8D-4BA9-9295-0AD94FFC84CE}.Release|x64.Build.0 = Release|Any CPU
		{C74AE955-2F8D-4BA9-9295-0AD94FFC84CE}.Release|x86.ActiveCfg = Release|Any CPU
		{C74AE955-2F8D-4BA9-9295-0AD94FFC84CE}.Release|x86.Build.0 = Release|Any CPU
		{691CDCDF-5F5E-4654-A97B-8E6E39FD77CC}.Debug|Any CPU.ActiveCfg = Debug|Any CPU
		{691CDCDF-5F5E-4654-A97B-8E6E39FD77CC}.Debug|Any CPU.Build.0 = Debug|Any CPU
		{691CDCDF-5F5E-4654-A97B-8E6E39FD77CC}.Debug|x64.ActiveCfg = Debug|Any CPU
		{691CDCDF-5F5E-4654-A97B-8E6E39FD77CC}.Debug|x64.Build.0 = Debug|Any CPU
		{691CDCDF-5F5E-4654-A97B-8E6E39FD77CC}.Debug|x86.ActiveCfg = Debug|Any CPU
		{691CDCDF-5F5E-4654-A97B-8E6E39FD77CC}.Debug|x86.Build.0 = Debug|Any CPU
		{691CDCDF-5F5E-4654-A97B-8E6E39FD77CC}.Release|Any CPU.ActiveCfg = Release|Any CPU
		{691CDCDF-5F5E-4654-A97B-8E6E39FD77CC}.Release|Any CPU.Build.0 = Release|Any CPU
		{691CDCDF-5F5E-4654-A97B-8E6E39FD77CC}.Release|x64.ActiveCfg = Release|Any CPU
		{691CDCDF-5F5E-4654-A97B-8E6E39FD77CC}.Release|x64.Build.0 = Release|Any CPU
		{691CDCDF-5F5E-4654-A97B-8E6E39FD77CC}.Release|x86.ActiveCfg = Release|Any CPU
		{691CDCDF-5F5E-4654-A97B-8E6E39FD77CC}.Release|x86.Build.0 = Release|Any CPU
		{86C01785-641B-4199-8850-451DCAD69207}.Debug|Any CPU.ActiveCfg = Debug|Any CPU
		{86C01785-641B-4199-8850-451DCAD69207}.Debug|Any CPU.Build.0 = Debug|Any CPU
		{86C01785-641B-4199-8850-451DCAD69207}.Debug|x64.ActiveCfg = Debug|Any CPU
		{86C01785-641B-4199-8850-451DCAD69207}.Debug|x64.Build.0 = Debug|Any CPU
		{86C01785-641B-4199-8850-451DCAD69207}.Debug|x86.ActiveCfg = Debug|Any CPU
		{86C01785-641B-4199-8850-451DCAD69207}.Debug|x86.Build.0 = Debug|Any CPU
		{86C01785-641B-4199-8850-451DCAD69207}.Release|Any CPU.ActiveCfg = Release|Any CPU
		{86C01785-641B-4199-8850-451DCAD69207}.Release|Any CPU.Build.0 = Release|Any CPU
		{86C01785-641B-4199-8850-451DCAD69207}.Release|x64.ActiveCfg = Release|Any CPU
		{86C01785-641B-4199-8850-451DCAD69207}.Release|x64.Build.0 = Release|Any CPU
		{86C01785-641B-4199-8850-451DCAD69207}.Release|x86.ActiveCfg = Release|Any CPU
		{86C01785-641B-4199-8850-451DCAD69207}.Release|x86.Build.0 = Release|Any CPU
		{B569FD80-44BF-4F34-AE40-F4BBFF36D5B1}.Debug|Any CPU.ActiveCfg = Debug|Any CPU
		{B569FD80-44BF-4F34-AE40-F4BBFF36D5B1}.Debug|Any CPU.Build.0 = Debug|Any CPU
		{B569FD80-44BF-4F34-AE40-F4BBFF36D5B1}.Debug|x64.ActiveCfg = Debug|Any CPU
		{B569FD80-44BF-4F34-AE40-F4BBFF36D5B1}.Debug|x64.Build.0 = Debug|Any CPU
		{B569FD80-44BF-4F34-AE40-F4BBFF36D5B1}.Debug|x86.ActiveCfg = Debug|Any CPU
		{B569FD80-44BF-4F34-AE40-F4BBFF36D5B1}.Debug|x86.Build.0 = Debug|Any CPU
		{B569FD80-44BF-4F34-AE40-F4BBFF36D5B1}.Release|Any CPU.ActiveCfg = Release|Any CPU
		{B569FD80-44BF-4F34-AE40-F4BBFF36D5B1}.Release|Any CPU.Build.0 = Release|Any CPU
		{B569FD80-44BF-4F34-AE40-F4BBFF36D5B1}.Release|x64.ActiveCfg = Release|Any CPU
		{B569FD80-44BF-4F34-AE40-F4BBFF36D5B1}.Release|x64.Build.0 = Release|Any CPU
		{B569FD80-44BF-4F34-AE40-F4BBFF36D5B1}.Release|x86.ActiveCfg = Release|Any CPU
		{B569FD80-44BF-4F34-AE40-F4BBFF36D5B1}.Release|x86.Build.0 = Release|Any CPU
		{B201B747-11D2-455C-B52B-52F51A89A69B}.Debug|Any CPU.ActiveCfg = Debug|Any CPU
		{B201B747-11D2-455C-B52B-52F51A89A69B}.Debug|Any CPU.Build.0 = Debug|Any CPU
		{B201B747-11D2-455C-B52B-52F51A89A69B}.Debug|x64.ActiveCfg = Debug|Any CPU
		{B201B747-11D2-455C-B52B-52F51A89A69B}.Debug|x64.Build.0 = Debug|Any CPU
		{B201B747-11D2-455C-B52B-52F51A89A69B}.Debug|x86.ActiveCfg = Debug|Any CPU
		{B201B747-11D2-455C-B52B-52F51A89A69B}.Debug|x86.Build.0 = Debug|Any CPU
		{B201B747-11D2-455C-B52B-52F51A89A69B}.Release|Any CPU.ActiveCfg = Release|Any CPU
		{B201B747-11D2-455C-B52B-52F51A89A69B}.Release|Any CPU.Build.0 = Release|Any CPU
		{B201B747-11D2-455C-B52B-52F51A89A69B}.Release|x64.ActiveCfg = Release|Any CPU
		{B201B747-11D2-455C-B52B-52F51A89A69B}.Release|x64.Build.0 = Release|Any CPU
		{B201B747-11D2-455C-B52B-52F51A89A69B}.Release|x86.ActiveCfg = Release|Any CPU
		{B201B747-11D2-455C-B52B-52F51A89A69B}.Release|x86.Build.0 = Release|Any CPU
		{847F4302-F69E-42AE-9D59-FCB2712B3D7F}.Debug|Any CPU.ActiveCfg = Debug|Any CPU
		{847F4302-F69E-42AE-9D59-FCB2712B3D7F}.Debug|Any CPU.Build.0 = Debug|Any CPU
		{847F4302-F69E-42AE-9D59-FCB2712B3D7F}.Debug|x64.ActiveCfg = Debug|Any CPU
		{847F4302-F69E-42AE-9D59-FCB2712B3D7F}.Debug|x64.Build.0 = Debug|Any CPU
		{847F4302-F69E-42AE-9D59-FCB2712B3D7F}.Debug|x86.ActiveCfg = Debug|Any CPU
		{847F4302-F69E-42AE-9D59-FCB2712B3D7F}.Debug|x86.Build.0 = Debug|Any CPU
		{847F4302-F69E-42AE-9D59-FCB2712B3D7F}.Release|Any CPU.ActiveCfg = Release|Any CPU
		{847F4302-F69E-42AE-9D59-FCB2712B3D7F}.Release|Any CPU.Build.0 = Release|Any CPU
		{847F4302-F69E-42AE-9D59-FCB2712B3D7F}.Release|x64.ActiveCfg = Release|Any CPU
		{847F4302-F69E-42AE-9D59-FCB2712B3D7F}.Release|x64.Build.0 = Release|Any CPU
		{847F4302-F69E-42AE-9D59-FCB2712B3D7F}.Release|x86.ActiveCfg = Release|Any CPU
		{847F4302-F69E-42AE-9D59-FCB2712B3D7F}.Release|x86.Build.0 = Release|Any CPU
		{E9D92588-C79B-4195-BCDF-3351F140AE71}.Debug|Any CPU.ActiveCfg = Debug|Any CPU
		{E9D92588-C79B-4195-BCDF-3351F140AE71}.Debug|Any CPU.Build.0 = Debug|Any CPU
		{E9D92588-C79B-4195-BCDF-3351F140AE71}.Debug|x64.ActiveCfg = Debug|Any CPU
		{E9D92588-C79B-4195-BCDF-3351F140AE71}.Debug|x64.Build.0 = Debug|Any CPU
		{E9D92588-C79B-4195-BCDF-3351F140AE71}.Debug|x86.ActiveCfg = Debug|Any CPU
		{E9D92588-C79B-4195-BCDF-3351F140AE71}.Debug|x86.Build.0 = Debug|Any CPU
		{E9D92588-C79B-4195-BCDF-3351F140AE71}.Release|Any CPU.ActiveCfg = Release|Any CPU
		{E9D92588-C79B-4195-BCDF-3351F140AE71}.Release|Any CPU.Build.0 = Release|Any CPU
		{E9D92588-C79B-4195-BCDF-3351F140AE71}.Release|x64.ActiveCfg = Release|Any CPU
		{E9D92588-C79B-4195-BCDF-3351F140AE71}.Release|x64.Build.0 = Release|Any CPU
		{E9D92588-C79B-4195-BCDF-3351F140AE71}.Release|x86.ActiveCfg = Release|Any CPU
		{E9D92588-C79B-4195-BCDF-3351F140AE71}.Release|x86.Build.0 = Release|Any CPU
		{B6093BDD-BCAD-4AF7-9686-650F3DC2D0F3}.Debug|Any CPU.ActiveCfg = Debug|Any CPU
		{B6093BDD-BCAD-4AF7-9686-650F3DC2D0F3}.Debug|Any CPU.Build.0 = Debug|Any CPU
		{B6093BDD-BCAD-4AF7-9686-650F3DC2D0F3}.Debug|x64.ActiveCfg = Debug|Any CPU
		{B6093BDD-BCAD-4AF7-9686-650F3DC2D0F3}.Debug|x64.Build.0 = Debug|Any CPU
		{B6093BDD-BCAD-4AF7-9686-650F3DC2D0F3}.Debug|x86.ActiveCfg = Debug|Any CPU
		{B6093BDD-BCAD-4AF7-9686-650F3DC2D0F3}.Debug|x86.Build.0 = Debug|Any CPU
		{B6093BDD-BCAD-4AF7-9686-650F3DC2D0F3}.Release|Any CPU.ActiveCfg = Release|Any CPU
		{B6093BDD-BCAD-4AF7-9686-650F3DC2D0F3}.Release|Any CPU.Build.0 = Release|Any CPU
		{B6093BDD-BCAD-4AF7-9686-650F3DC2D0F3}.Release|x64.ActiveCfg = Release|Any CPU
		{B6093BDD-BCAD-4AF7-9686-650F3DC2D0F3}.Release|x64.Build.0 = Release|Any CPU
		{B6093BDD-BCAD-4AF7-9686-650F3DC2D0F3}.Release|x86.ActiveCfg = Release|Any CPU
		{B6093BDD-BCAD-4AF7-9686-650F3DC2D0F3}.Release|x86.Build.0 = Release|Any CPU
		{007BD66A-181D-4BEF-997E-A733B78A797D}.Debug|Any CPU.ActiveCfg = Debug|Any CPU
		{007BD66A-181D-4BEF-997E-A733B78A797D}.Debug|Any CPU.Build.0 = Debug|Any CPU
		{007BD66A-181D-4BEF-997E-A733B78A797D}.Debug|x64.ActiveCfg = Debug|Any CPU
		{007BD66A-181D-4BEF-997E-A733B78A797D}.Debug|x64.Build.0 = Debug|Any CPU
		{007BD66A-181D-4BEF-997E-A733B78A797D}.Debug|x86.ActiveCfg = Debug|Any CPU
		{007BD66A-181D-4BEF-997E-A733B78A797D}.Debug|x86.Build.0 = Debug|Any CPU
		{007BD66A-181D-4BEF-997E-A733B78A797D}.Release|Any CPU.ActiveCfg = Release|Any CPU
		{007BD66A-181D-4BEF-997E-A733B78A797D}.Release|Any CPU.Build.0 = Release|Any CPU
		{007BD66A-181D-4BEF-997E-A733B78A797D}.Release|x64.ActiveCfg = Release|Any CPU
		{007BD66A-181D-4BEF-997E-A733B78A797D}.Release|x64.Build.0 = Release|Any CPU
		{007BD66A-181D-4BEF-997E-A733B78A797D}.Release|x86.ActiveCfg = Release|Any CPU
		{007BD66A-181D-4BEF-997E-A733B78A797D}.Release|x86.Build.0 = Release|Any CPU
		{CA651F84-A9F7-4437-A2E3-24D351C97949}.Debug|Any CPU.ActiveCfg = Debug|Any CPU
		{CA651F84-A9F7-4437-A2E3-24D351C97949}.Debug|Any CPU.Build.0 = Debug|Any CPU
		{CA651F84-A9F7-4437-A2E3-24D351C97949}.Debug|x64.ActiveCfg = Debug|Any CPU
		{CA651F84-A9F7-4437-A2E3-24D351C97949}.Debug|x64.Build.0 = Debug|Any CPU
		{CA651F84-A9F7-4437-A2E3-24D351C97949}.Debug|x86.ActiveCfg = Debug|Any CPU
		{CA651F84-A9F7-4437-A2E3-24D351C97949}.Debug|x86.Build.0 = Debug|Any CPU
		{CA651F84-A9F7-4437-A2E3-24D351C97949}.Release|Any CPU.ActiveCfg = Release|Any CPU
		{CA651F84-A9F7-4437-A2E3-24D351C97949}.Release|Any CPU.Build.0 = Release|Any CPU
		{CA651F84-A9F7-4437-A2E3-24D351C97949}.Release|x64.ActiveCfg = Release|Any CPU
		{CA651F84-A9F7-4437-A2E3-24D351C97949}.Release|x64.Build.0 = Release|Any CPU
		{CA651F84-A9F7-4437-A2E3-24D351C97949}.Release|x86.ActiveCfg = Release|Any CPU
		{CA651F84-A9F7-4437-A2E3-24D351C97949}.Release|x86.Build.0 = Release|Any CPU
		{365F2872-0A4D-4D14-898C-13E01C29A3A9}.Debug|Any CPU.ActiveCfg = Debug|Any CPU
		{365F2872-0A4D-4D14-898C-13E01C29A3A9}.Debug|Any CPU.Build.0 = Debug|Any CPU
		{365F2872-0A4D-4D14-898C-13E01C29A3A9}.Debug|x64.ActiveCfg = Debug|Any CPU
		{365F2872-0A4D-4D14-898C-13E01C29A3A9}.Debug|x64.Build.0 = Debug|Any CPU
		{365F2872-0A4D-4D14-898C-13E01C29A3A9}.Debug|x86.ActiveCfg = Debug|Any CPU
		{365F2872-0A4D-4D14-898C-13E01C29A3A9}.Debug|x86.Build.0 = Debug|Any CPU
		{365F2872-0A4D-4D14-898C-13E01C29A3A9}.Release|Any CPU.ActiveCfg = Release|Any CPU
		{365F2872-0A4D-4D14-898C-13E01C29A3A9}.Release|Any CPU.Build.0 = Release|Any CPU
		{365F2872-0A4D-4D14-898C-13E01C29A3A9}.Release|x64.ActiveCfg = Release|Any CPU
		{365F2872-0A4D-4D14-898C-13E01C29A3A9}.Release|x64.Build.0 = Release|Any CPU
		{365F2872-0A4D-4D14-898C-13E01C29A3A9}.Release|x86.ActiveCfg = Release|Any CPU
		{365F2872-0A4D-4D14-898C-13E01C29A3A9}.Release|x86.Build.0 = Release|Any CPU
		{581E021E-1C95-4139-B860-C97CBC94AA07}.Debug|Any CPU.ActiveCfg = Debug|Any CPU
		{581E021E-1C95-4139-B860-C97CBC94AA07}.Debug|Any CPU.Build.0 = Debug|Any CPU
		{581E021E-1C95-4139-B860-C97CBC94AA07}.Debug|x64.ActiveCfg = Debug|Any CPU
		{581E021E-1C95-4139-B860-C97CBC94AA07}.Debug|x64.Build.0 = Debug|Any CPU
		{581E021E-1C95-4139-B860-C97CBC94AA07}.Debug|x86.ActiveCfg = Debug|Any CPU
		{581E021E-1C95-4139-B860-C97CBC94AA07}.Debug|x86.Build.0 = Debug|Any CPU
		{581E021E-1C95-4139-B860-C97CBC94AA07}.Release|Any CPU.ActiveCfg = Release|Any CPU
		{581E021E-1C95-4139-B860-C97CBC94AA07}.Release|Any CPU.Build.0 = Release|Any CPU
		{581E021E-1C95-4139-B860-C97CBC94AA07}.Release|x64.ActiveCfg = Release|Any CPU
		{581E021E-1C95-4139-B860-C97CBC94AA07}.Release|x64.Build.0 = Release|Any CPU
		{581E021E-1C95-4139-B860-C97CBC94AA07}.Release|x86.ActiveCfg = Release|Any CPU
		{581E021E-1C95-4139-B860-C97CBC94AA07}.Release|x86.Build.0 = Release|Any CPU
	EndGlobalSection
	GlobalSection(SolutionProperties) = preSolution
		HideSolutionNode = FALSE
	EndGlobalSection
	GlobalSection(NestedProjects) = preSolution
		{74CF1983-AD65-41A7-AF87-4855EEBD2438} = {5EC6CE55-08E3-42DF-9A16-C8635886AED0}
		{C74AE955-2F8D-4BA9-9295-0AD94FFC84CE} = {5EC6CE55-08E3-42DF-9A16-C8635886AED0}
		{691CDCDF-5F5E-4654-A97B-8E6E39FD77CC} = {5EC6CE55-08E3-42DF-9A16-C8635886AED0}
		{86C01785-641B-4199-8850-451DCAD69207} = {5EC6CE55-08E3-42DF-9A16-C8635886AED0}
		{B569FD80-44BF-4F34-AE40-F4BBFF36D5B1} = {5EC6CE55-08E3-42DF-9A16-C8635886AED0}
		{B201B747-11D2-455C-B52B-52F51A89A69B} = {5EC6CE55-08E3-42DF-9A16-C8635886AED0}
		{847F4302-F69E-42AE-9D59-FCB2712B3D7F} = {5EC6CE55-08E3-42DF-9A16-C8635886AED0}
		{E9D92588-C79B-4195-BCDF-3351F140AE71} = {5EC6CE55-08E3-42DF-9A16-C8635886AED0}
		{B6093BDD-BCAD-4AF7-9686-650F3DC2D0F3} = {5EC6CE55-08E3-42DF-9A16-C8635886AED0}
		{007BD66A-181D-4BEF-997E-A733B78A797D} = {5EC6CE55-08E3-42DF-9A16-C8635886AED0}
		{CA651F84-A9F7-4437-A2E3-24D351C97949} = {5EC6CE55-08E3-42DF-9A16-C8635886AED0}
		{365F2872-0A4D-4D14-898C-13E01C29A3A9} = {5EC6CE55-08E3-42DF-9A16-C8635886AED0}
		{581E021E-1C95-4139-B860-C97CBC94AA07} = {D082B103-1F27-4A12-93D0-3BABC3AFDC38}
	EndGlobalSection
	GlobalSection(ExtensibilityGlobals) = postSolution
		SolutionGuid = {7C49528E-82D5-48C3-B32A-D2BE3E52577B}
	EndGlobalSection
EndGlobal
